{
  "name": "htdocs",
  "lockfileVersion": 3,
  "requires": true,
  "packages": {
    "": {
      "dependencies": {
        "@fontsource/rowdies": "^4.5.8",
        "@fontsource/work-sans": "^4.5.14",
        "jquery-min": "^0.0.2",
        "material-icons": "^1.13.4",
        "normalize.css": "^8.0.1"
      }
    },
    "node_modules/@fontsource/rowdies": {
      "version": "4.5.8",
      "resolved": "https://registry.npmjs.org/@fontsource/rowdies/-/rowdies-4.5.8.tgz",
      "integrity": "sha512-w9FPiVFNZG6MH0wqcBDWrUvCu2kLyo8vTJ8kyEvsHak6f+WjqDO1M/CLi3fNwlhqkTCZAFBVu5811f94jSRxnw=="
    },
    "node_modules/@fontsource/work-sans": {
      "version": "4.5.14",
      "resolved": "https://registry.npmjs.org/@fontsource/work-sans/-/work-sans-4.5.14.tgz",
      "integrity": "sha512-AFBSDBA3hnSCXHwb52qBOMEGqF5nfdbANp+y5/hbE1PMjYfFY0lUdtUwL5J7mRAdyn1NJwobJlhduHtlAyPzmA=="
    },
    "node_modules/jquery-min": {
      "version": "0.0.2",
      "resolved": "https://registry.npmjs.org/jquery-min/-/jquery-min-0.0.2.tgz",
      "integrity": "sha512-rfQnLAvaJWLuFYVakXyWeSuyCpMpXAjvgUI68eDIDnwOe1atruMZkmjwbQN2K6XT/qmzV0L6g/PUaVEvVatcbw=="
    },
    "node_modules/material-icons": {
      "version": "1.13.4",
      "resolved": "https://registry.npmjs.org/material-icons/-/material-icons-1.13.4.tgz",
      "integrity": "sha512-sGljRSo7fG6iK6QXM+LG7ZdMFZnRKaqdVCBO3l7nmweOUKQBkc3y3h2jU0HX+49kGET7/xIo8Ujq+4BG+7u7bw=="
    },
    "node_modules/normalize.css": {
      "version": "8.0.1",
      "resolved": "https://registry.npmjs.org/normalize.css/-/normalize.css-8.0.1.tgz",
      "integrity": "sha512-qizSNPO93t1YUuUhP22btGOo3chcvDFqFaj2TRybP0DMxkHOCTYwp3n34fel4a31ORXy4m1Xq0Gyqpb5m33qIg=="
    }
  }
}
